// !$*UTF8*$!
{
	archiveVersion = 1;
	classes = {
	};
	objectVersion = 56;
	objects = {

/* Begin PBXBuildFile section */
		C7637B4F28E961DC005D984B /* AppDelegate.swift in Sources */ = {isa = PBXBuildFile; fileRef = C7637B4E28E961DC005D984B /* AppDelegate.swift */; };
		C7637B5128E961DC005D984B /* SceneDelegate.swift in Sources */ = {isa = PBXBuildFile; fileRef = C7637B5028E961DC005D984B /* SceneDelegate.swift */; };
		C7637B5328E961DC005D984B /* LoginViewController.swift in Sources */ = {isa = PBXBuildFile; fileRef = C7637B5228E961DC005D984B /* LoginViewController.swift */; };
		C7637B5628E961DC005D984B /* Main.storyboard in Resources */ = {isa = PBXBuildFile; fileRef = C7637B5428E961DC005D984B /* Main.storyboard */; };
		C7637B5B28E961DE005D984B /* Assets.xcassets in Resources */ = {isa = PBXBuildFile; fileRef = C7637B5A28E961DE005D984B /* Assets.xcassets */; };
		C7637B5E28E961DE005D984B /* LaunchScreen.storyboard in Resources */ = {isa = PBXBuildFile; fileRef = C7637B5C28E961DE005D984B /* LaunchScreen.storyboard */; };
		C7637B6628E96D70005D984B /* WelcomeViewController.swift in Sources */ = {isa = PBXBuildFile; fileRef = C7637B6528E96D70005D984B /* WelcomeViewController.swift */; };
		C7A8E0F928FB10F300A34681 /* TabBarController.swift in Sources */ = {isa = PBXBuildFile; fileRef = C7A8E0F828FB10F300A34681 /* TabBarController.swift */; };
		C7A8E0FB28FB112F00A34681 /* UserInfoViewController.swift in Sources */ = {isa = PBXBuildFile; fileRef = C7A8E0FA28FB112F00A34681 /* UserInfoViewController.swift */; };
		C7A8E0FF28FB115800A34681 /* UserBioViewController.swift in Sources */ = {isa = PBXBuildFile; fileRef = C7A8E0FE28FB115800A34681 /* UserBioViewController.swift */; };
		C7A8E10228FB11EC00A34681 /* User.swift in Sources */ = {isa = PBXBuildFile; fileRef = C7A8E10128FB11EC00A34681 /* User.swift */; };
		C7A8E10928FB218D00A34681 /* Extensions + UIView.swift in Sources */ = {isa = PBXBuildFile; fileRef = C7A8E10828FB218D00A34681 /* Extensions + UIView.swift */; };
/* End PBXBuildFile section */

/* Begin PBXFileReference section */
		C7637B4B28E961DC005D984B /* HomeWork 2.06.app */ = {isa = PBXFileReference; explicitFileType = wrapper.application; includeInIndex = 0; path = "HomeWork 2.06.app"; sourceTree = BUILT_PRODUCTS_DIR; };
		C7637B4E28E961DC005D984B /* AppDelegate.swift */ = {isa = PBXFileReference; lastKnownFileType = sourcecode.swift; path = AppDelegate.swift; sourceTree = "<group>"; };
		C7637B5028E961DC005D984B /* SceneDelegate.swift */ = {isa = PBXFileReference; lastKnownFileType = sourcecode.swift; path = SceneDelegate.swift; sourceTree = "<group>"; };
		C7637B5228E961DC005D984B /* LoginViewController.swift */ = {isa = PBXFileReference; lastKnownFileType = sourcecode.swift; path = LoginViewController.swift; sourceTree = "<group>"; };
		C7637B5528E961DC005D984B /* Base */ = {isa = PBXFileReference; lastKnownFileType = file.storyboard; name = Base; path = Base.lproj/Main.storyboard; sourceTree = "<group>"; };
		C7637B5A28E961DE005D984B /* Assets.xcassets */ = {isa = PBXFileReference; lastKnownFileType = folder.assetcatalog; path = Assets.xcassets; sourceTree = "<group>"; };
		C7637B5D28E961DE005D984B /* Base */ = {isa = PBXFileReference; lastKnownFileType = file.storyboard; name = Base; path = Base.lproj/LaunchScreen.storyboard; sourceTree = "<group>"; };
		C7637B5F28E961DE005D984B /* Info.plist */ = {isa = PBXFileReference; lastKnownFileType = text.plist.xml; path = Info.plist; sourceTree = "<group>"; };
		C7637B6528E96D70005D984B /* WelcomeViewController.swift */ = {isa = PBXFileReference; lastKnownFileType = sourcecode.swift; path = WelcomeViewController.swift; sourceTree = "<group>"; };
		C7A8E0F828FB10F300A34681 /* TabBarController.swift */ = {isa = PBXFileReference; lastKnownFileType = sourcecode.swift; path = TabBarController.swift; sourceTree = "<group>"; };
		C7A8E0FA28FB112F00A34681 /* UserInfoViewController.swift */ = {isa = PBXFileReference; lastKnownFileType = sourcecode.swift; path = UserInfoViewController.swift; sourceTree = "<group>"; };
		C7A8E0FE28FB115800A34681 /* UserBioViewController.swift */ = {isa = PBXFileReference; lastKnownFileType = sourcecode.swift; path = UserBioViewController.swift; sourceTree = "<group>"; };
		C7A8E10128FB11EC00A34681 /* User.swift */ = {isa = PBXFileReference; lastKnownFileType = sourcecode.swift; path = User.swift; sourceTree = "<group>"; };
		C7A8E10828FB218D00A34681 /* Extensions + UIView.swift */ = {isa = PBXFileReference; lastKnownFileType = sourcecode.swift; path = "Extensions + UIView.swift"; sourceTree = "<group>"; };
/* End PBXFileReference section */

/* Begin PBXFrameworksBuildPhase section */
		C7637B4828E961DC005D984B /* Frameworks */ = {
			isa = PBXFrameworksBuildPhase;
			buildActionMask = 2147483647;
			files = (
			);
			runOnlyForDeploymentPostprocessing = 0;
		};
/* End PBXFrameworksBuildPhase section */

/* Begin PBXGroup section */
		C7637B4228E961DC005D984B = {
			isa = PBXGroup;
			children = (
				C7637B4D28E961DC005D984B /* HomeWork 2.06 */,
				C7637B4C28E961DC005D984B /* Products */,
			);
			sourceTree = "<group>";
		};
		C7637B4C28E961DC005D984B /* Products */ = {
			isa = PBXGroup;
			children = (
				C7637B4B28E961DC005D984B /* HomeWork 2.06.app */,
			);
			name = Products;
			sourceTree = "<group>";
		};
		C7637B4D28E961DC005D984B /* HomeWork 2.06 */ = {
			isa = PBXGroup;
			children = (
				C7A8E10328FB121000A34681 /* Models */,
				C7A8E10628FB12D500A34681 /* SupportingFiles */,
				C7A8E10028FB119500A34681 /* ViewControllers */,
				C7A8E10428FB124B00A34681 /* StoryBoards */,
				C7A8E10528FB128A00A34681 /* Resources */,
			);
			path = "HomeWork 2.06";
			sourceTree = "<group>";
		};
		C7A8E10028FB119500A34681 /* ViewControllers */ = {
			isa = PBXGroup;
			children = (
				C7637B5228E961DC005D984B /* LoginViewController.swift */,
				C7637B6528E96D70005D984B /* WelcomeViewController.swift */,
				C7A8E0F828FB10F300A34681 /* TabBarController.swift */,
				C7A8E0FA28FB112F00A34681 /* UserInfoViewController.swift */,
				C7A8E0FE28FB115800A34681 /* UserBioViewController.swift */,
				C7A8E10728FB132C00A34681 /* Extensions */,
			);
			path = ViewControllers;
			sourceTree = "<group>";
		};
		C7A8E10328FB121000A34681 /* Models */ = {
			isa = PBXGroup;
			children = (
				C7A8E10128FB11EC00A34681 /* User.swift */,
			);
			path = Models;
			sourceTree = "<group>";
		};
		C7A8E10428FB124B00A34681 /* StoryBoards */ = {
			isa = PBXGroup;
			children = (
				C7637B5428E961DC005D984B /* Main.storyboard */,
				C7637B5C28E961DE005D984B /* LaunchScreen.storyboard */,
			);
			path = StoryBoards;
			sourceTree = "<group>";
		};
		C7A8E10528FB128A00A34681 /* Resources */ = {
			isa = PBXGroup;
			children = (
				C7637B5A28E961DE005D984B /* Assets.xcassets */,
			);
			path = Resources;
			sourceTree = "<group>";
		};
		C7A8E10628FB12D500A34681 /* SupportingFiles */ = {
			isa = PBXGroup;
			children = (
				C7637B4E28E961DC005D984B /* AppDelegate.swift */,
				C7637B5028E961DC005D984B /* SceneDelegate.swift */,
				C7637B5F28E961DE005D984B /* Info.plist */,
			);
			path = SupportingFiles;
			sourceTree = "<group>";
		};
		C7A8E10728FB132C00A34681 /* Extensions */ = {
			isa = PBXGroup;
			children = (
				C7A8E10828FB218D00A34681 /* Extensions + UIView.swift */,
			);
			path = Extensions;
			sourceTree = "<group>";
		};
/* End PBXGroup section */

/* Begin PBXNativeTarget section */
		C7637B4A28E961DC005D984B /* HomeWork 2.06 */ = {
			isa = PBXNativeTarget;
			buildConfigurationList = C7637B6228E961DE005D984B /* Build configuration list for PBXNativeTarget "HomeWork 2.06" */;
			buildPhases = (
				C7637B4728E961DC005D984B /* Sources */,
				C7637B4828E961DC005D984B /* Frameworks */,
				C7637B4928E961DC005D984B /* Resources */,
			);
			buildRules = (
			);
			dependencies = (
			);
			name = "HomeWork 2.06";
			productName = "HomeWork 2.06";
			productReference = C7637B4B28E961DC005D984B /* HomeWork 2.06.app */;
			productType = "com.apple.product-type.application";
		};
/* End PBXNativeTarget section */

/* Begin PBXProject section */
		C7637B4328E961DC005D984B /* Project object */ = {
			isa = PBXProject;
			attributes = {
				BuildIndependentTargetsInParallel = 1;
				LastSwiftUpdateCheck = 1400;
				LastUpgradeCheck = 1400;
				TargetAttributes = {
					C7637B4A28E961DC005D984B = {
						CreatedOnToolsVersion = 14.0.1;
					};
				};
			};
			buildConfigurationList = C7637B4628E961DC005D984B /* Build configuration list for PBXProject "HomeWork 2.06" */;
			compatibilityVersion = "Xcode 14.0";
			developmentRegion = en;
			hasScannedForEncodings = 0;
			knownRegions = (
				en,
				Base,
			);
			mainGroup = C7637B4228E961DC005D984B;
			productRefGroup = C7637B4C28E961DC005D984B /* Products */;
			projectDirPath = "";
			projectRoot = "";
			targets = (
				C7637B4A28E961DC005D984B /* HomeWork 2.06 */,
			);
		};
/* End PBXProject section */

/* Begin PBXResourcesBuildPhase section */
		C7637B4928E961DC005D984B /* Resources */ = {
			isa = PBXResourcesBuildPhase;
			buildActionMask = 2147483647;
			files = (
				C7637B5E28E961DE005D984B /* LaunchScreen.storyboard in Resources */,
				C7637B5B28E961DE005D984B /* Assets.xcassets in Resources */,
				C7637B5628E961DC005D984B /* Main.storyboard in Resources */,
			);
			runOnlyForDeploymentPostprocessing = 0;
		};
/* End PBXResourcesBuildPhase section */

/* Begin PBXSourcesBuildPhase section */
		C7637B4728E961DC005D984B /* Sources */ = {
			isa = PBXSourcesBuildPhase;
			buildActionMask = 2147483647;
			files = (
				C7A8E0FB28FB112F00A34681 /* UserInfoViewController.swift in Sources */,
				C7637B6628E96D70005D984B /* WelcomeViewController.swift in Sources */,
				C7A8E10928FB218D00A34681 /* Extensions + UIView.swift in Sources */,
				C7637B5328E961DC005D984B /* LoginViewController.swift in Sources */,
				C7A8E0F928FB10F300A34681 /* TabBarController.swift in Sources */,
				C7637B4F28E961DC005D984B /* AppDelegate.swift in Sources */,
				C7A8E10228FB11EC00A34681 /* User.swift in Sources */,
				C7A8E0FF28FB115800A34681 /* UserBioViewController.swift in Sources */,
				C7637B5128E961DC005D984B /* SceneDelegate.swift in Sources */,
			);
			runOnlyForDeploymentPostprocessing = 0;
		};
/* End PBXSourcesBuildPhase section */

/* Begin PBXVariantGroup section */
		C7637B5428E961DC005D984B /* Main.storyboard */ = {
			isa = PBXVariantGroup;
			children = (
				C7637B5528E961DC005D984B /* Base */,
			);
			name = Main.storyboard;
			sourceTree = "<group>";
		};
		C7637B5C28E961DE005D984B /* LaunchScreen.storyboard */ = {
			isa = PBXVariantGroup;
			children = (
				C7637B5D28E961DE005D984B /* Base */,
			);
			name = LaunchScreen.storyboard;
			sourceTree = "<group>";
		};
/* End PBXVariantGroup section */

/* Begin XCBuildConfiguration section */
		C7637B6028E961DE005D984B /* Debug */ = {
			isa = XCBuildConfiguration;
			buildSettings = {
				ALWAYS_SEARCH_USER_PATHS = NO;
				CLANG_ANALYZER_NONNULL = YES;
				CLANG_ANALYZER_NUMBER_OBJECT_CONVERSION = YES_AGGRESSIVE;
				CLANG_CXX_LANGUAGE_STANDARD = "gnu++20";
				CLANG_ENABLE_MODULES = YES;
				CLANG_ENABLE_OBJC_ARC = YES;
				CLANG_ENABLE_OBJC_WEAK = YES;
				CLANG_WARN_BLOCK_CAPTURE_AUTORELEASING = YES;
				CLANG_WARN_BOOL_CONVERSION = YES;
				CLANG_WARN_COMMA = YES;
				CLANG_WARN_CONSTANT_CONVERSION = YES;
				CLANG_WARN_DEPRECATED_OBJC_IMPLEMENTATIONS = YES;
				CLANG_WARN_DIRECT_OBJC_ISA_USAGE = YES_ERROR;
				CLANG_WARN_DOCUMENTATION_COMMENTS = YES;
				CLANG_WARN_EMPTY_BODY = YES;
				CLANG_WARN_ENUM_CONVERSION = YES;
				CLANG_WARN_INFINITE_RECURSION = YES;
				CLANG_WARN_INT_CONVERSION = YES;
				CLANG_WARN_NON_LITERAL_NULL_CONVERSION = YES;
				CLANG_WARN_OBJC_IMPLICIT_RETAIN_SELF = YES;
				CLANG_WARN_OBJC_LITERAL_CONVERSION = YES;
				CLANG_WARN_OBJC_ROOT_CLASS = YES_ERROR;
				CLANG_WARN_QUOTED_INCLUDE_IN_FRAMEWORK_HEADER = YES;
				CLANG_WARN_RANGE_LOOP_ANALYSIS = YES;
				CLANG_WARN_STRICT_PROTOTYPES = YES;
				CLANG_WARN_SUSPICIOUS_MOVE = YES;
				CLANG_WARN_UNGUARDED_AVAILABILITY = YES_AGGRESSIVE;
				CLANG_WARN_UNREACHABLE_CODE = YES;
				CLANG_WARN__DUPLICATE_METHOD_MATCH = YES;
				COPY_PHASE_STRIP = NO;
				DEBUG_INFORMATION_FORMAT = dwarf;
				ENABLE_STRICT_OBJC_MSGSEND = YES;
				ENABLE_TESTABILITY = YES;
				GCC_C_LANGUAGE_STANDARD = gnu11;
				GCC_DYNAMIC_NO_PIC = NO;
				GCC_NO_COMMON_BLOCKS = YES;
				GCC_OPTIMIZATION_LEVEL = 0;
				GCC_PREPROCESSOR_DEFINITIONS = (
					"DEBUG=1",
					"$(inherited)",
				);
				GCC_WARN_64_TO_32_BIT_CONVERSION = YES;
				GCC_WARN_ABOUT_RETURN_TYPE = YES_ERROR;
				GCC_WARN_UNDECLARED_SELECTOR = YES;
				GCC_WARN_UNINITIALIZED_AUTOS = YES_AGGRESSIVE;
				GCC_WARN_UNUSED_FUNCTION = YES;
				GCC_WARN_UNUSED_VARIABLE = YES;
				IPHONEOS_DEPLOYMENT_TARGET = 16.0;
				MTL_ENABLE_DEBUG_INFO = INCLUDE_SOURCE;
				MTL_FAST_MATH = YES;
				ONLY_ACTIVE_ARCH = YES;
				SDKROOT = iphoneos;
				SWIFT_ACTIVE_COMPILATION_CONDITIONS = DEBUG;
				SWIFT_OPTIMIZATION_LEVEL = "-Onone";
			};
			name = Debug;
		};
		C7637B6128E961DE005D984B /* Release */ = {
			isa = XCBuildConfiguration;
			buildSettings = {
				ALWAYS_SEARCH_USER_PATHS = NO;
				CLANG_ANALYZER_NONNULL = YES;
				CLANG_ANALYZER_NUMBER_OBJECT_CONVERSION = YES_AGGRESSIVE;
				CLANG_CXX_LANGUAGE_STANDARD = "gnu++20";
				CLANG_ENABLE_MODULES = YES;
				CLANG_ENABLE_OBJC_ARC = YES;
				CLANG_ENABLE_OBJC_WEAK = YES;
				CLANG_WARN_BLOCK_CAPTURE_AUTORELEASING = YES;
				CLANG_WARN_BOOL_CONVERSION = YES;
				CLANG_WARN_COMMA = YES;
				CLANG_WARN_CONSTANT_CONVERSION = YES;
				CLANG_WARN_DEPRECATED_OBJC_IMPLEMENTATIONS = YES;
				CLANG_WARN_DIRECT_OBJC_ISA_USAGE = YES_ERROR;
				CLANG_WARN_DOCUMENTATION_COMMENTS = YES;
				CLANG_WARN_EMPTY_BODY = YES;
				CLANG_WARN_ENUM_CONVERSION = YES;
				CLANG_WARN_INFINITE_RECURSION = YES;
				CLANG_WARN_INT_CONVERSION = YES;
				CLANG_WARN_NON_LITERAL_NULL_CONVERSION = YES;
				CLANG_WARN_OBJC_IMPLICIT_RETAIN_SELF = YES;
				CLANG_WARN_OBJC_LITERAL_CONVERSION = YES;
				CLANG_WARN_OBJC_ROOT_CLASS = YES_ERROR;
				CLANG_WARN_QUOTED_INCLUDE_IN_FRAMEWORK_HEADER = YES;
				CLANG_WARN_RANGE_LOOP_ANALYSIS = YES;
				CLANG_WARN_STRICT_PROTOTYPES = YES;
				CLANG_WARN_SUSPICIOUS_MOVE = YES;
				CLANG_WARN_UNGUARDED_AVAILABILITY = YES_AGGRESSIVE;
				CLANG_WARN_UNREACHABLE_CODE = YES;
				CLANG_WARN__DUPLICATE_METHOD_MATCH = YES;
				COPY_PHASE_STRIP = NO;
				DEBUG_INFORMATION_FORMAT = "dwarf-with-dsym";
				ENABLE_NS_ASSERTIONS = NO;
				ENABLE_STRICT_OBJC_MSGSEND = YES;
				GCC_C_LANGUAGE_STANDARD = gnu11;
				GCC_NO_COMMON_BLOCKS = YES;
				GCC_WARN_64_TO_32_BIT_CONVERSION = YES;
				GCC_WARN_ABOUT_RETURN_TYPE = YES_ERROR;
				GCC_WARN_UNDECLARED_SELECTOR = YES;
				GCC_WARN_UNINITIALIZED_AUTOS = YES_AGGRESSIVE;
				GCC_WARN_UNUSED_FUNCTION = YES;
				GCC_WARN_UNUSED_VARIABLE = YES;
				IPHONEOS_DEPLOYMENT_TARGET = 16.0;
				MTL_ENABLE_DEBUG_INFO = NO;
				MTL_FAST_MATH = YES;
				SDKROOT = iphoneos;
				SWIFT_COMPILATION_MODE = wholemodule;
				SWIFT_OPTIMIZATION_LEVEL = "-O";
				VALIDATE_PRODUCT = YES;
			};
			name = Release;
		};
		C7637B6328E961DE005D984B /* Debug */ = {
			isa = XCBuildConfiguration;
			buildSettings = {
				ASSETCATALOG_COMPILER_APPICON_NAME = AppIcon;
				ASSETCATALOG_COMPILER_GLOBAL_ACCENT_COLOR_NAME = AccentColor;
				CODE_SIGN_STYLE = Automatic;
				CURRENT_PROJECT_VERSION = 1;
				DEVELOPMENT_TEAM = Z4ZLMC5DAB;
				GENERATE_INFOPLIST_FILE = YES;
				INFOPLIST_FILE = "HomeWork 2.06/SupportingFiles/Info.plist";
				INFOPLIST_KEY_UIApplicationSupportsIndirectInputEvents = YES;
				INFOPLIST_KEY_UILaunchStoryboardName = LaunchScreen;
				INFOPLIST_KEY_UIMainStoryboardFile = Main;
				INFOPLIST_KEY_UISupportedInterfaceOrientations_iPad = "UIInterfaceOrientationPortrait UIInterfaceOrientationPortraitUpsideDown UIInterfaceOrientationLandscapeLeft UIInterfaceOrientationLandscapeRight";
				INFOPLIST_KEY_UISupportedInterfaceOrientations_iPhone = "UIInterfaceOrientationPortrait UIInterfaceOrientationLandscapeLeft UIInterfaceOrientationLandscapeRight";
				IPHONEOS_DEPLOYMENT_TARGET = 15.5;
				LD_RUNPATH_SEARCH_PATHS = (
					"$(inherited)",
					"@executable_path/Frameworks",
				);
				MARKETING_VERSION = 1.0;
				PRODUCT_BUNDLE_IDENTIFIER = "Alex.HomeWork-2-06";
				PRODUCT_NAME = "$(TARGET_NAME)";
				SUPPORTED_PLATFORMS = "iphoneos iphonesimulator";
				SUPPORTS_MACCATALYST = NO;
				SUPPORTS_MAC_DESIGNED_FOR_IPHONE_IPAD = NO;
				SWIFT_EMIT_LOC_STRINGS = YES;
				SWIFT_VERSION = 5.0;
				TARGETED_DEVICE_FAMILY = 1;
			};
			name = Debug;
		};
		C7637B6428E961DE005D984B /* Release */ = {
			isa = XCBuildConfiguration;
			buildSettings = {
				ASSETCATALOG_COMPILER_APPICON_NAME = AppIcon;
				ASSETCATALOG_COMPILER_GLOBAL_ACCENT_COLOR_NAME = AccentColor;
				CODE_SIGN_STYLE = Automatic;
				CURRENT_PROJECT_VERSION = 1;
				DEVELOPMENT_TEAM = Z4ZLMC5DAB;
				GENERATE_INFOPLIST_FILE = YES;
				INFOPLIST_FILE = "HomeWork 2.06/SupportingFiles/Info.plist";
				INFOPLIST_KEY_UIApplicationSupportsIndirectInputEvents = YES;
				INFOPLIST_KEY_UILaunchStoryboardName = LaunchScreen;
				INFOPLIST_KEY_UIMainStoryboardFile = Main;
				INFOPLIST_KEY_UISupportedInterfaceOrientations_iPad = "UIInterfaceOrientationPortrait UIInterfaceOrientationPortraitUpsideDown UIInterfaceOrientationLandscapeLeft UIInterfaceOrientationLandscapeRight";
				INFOPLIST_KEY_UISupportedInterfaceOrientations_iPhone = "UIInterfaceOrientationPortrait UIInterfaceOrientationLandscapeLeft UIInterfaceOrientationLandscapeRight";
				IPHONEOS_DEPLOYMENT_TARGET = 15.5;
				LD_RUNPATH_SEARCH_PATHS = (
					"$(inherited)",
					"@executable_path/Frameworks",
				);
				MARKETING_VERSION = 1.0;
				PRODUCT_BUNDLE_IDENTIFIER = "Alex.HomeWork-2-06";
				PRODUCT_NAME = "$(TARGET_NAME)";
				SUPPORTED_PLATFORMS = "iphoneos iphonesimulator";
				SUPPORTS_MACCATALYST = NO;
				SUPPORTS_MAC_DESIGNED_FOR_IPHONE_IPAD = NO;
				SWIFT_EMIT_LOC_STRINGS = YES;
				SWIFT_VERSION = 5.0;
				TARGETED_DEVICE_FAMILY = 1;
			};
			name = Release;
		};
/* End XCBuildConfiguration section */

/* Begin XCConfigurationList section */
		C7637B4628E961DC005D984B /* Build configuration list for PBXProject "HomeWork 2.06" */ = {
			isa = XCConfigurationList;
			buildConfigurations = (
				C7637B6028E961DE005D984B /* Debug */,
				C7637B6128E961DE005D984B /* Release */,
			);
			defaultConfigurationIsVisible = 0;
			defaultConfigurationName = Release;
		};
		C7637B6228E961DE005D984B /* Build configuration list for PBXNativeTarget "HomeWork 2.06" */ = {
			isa = XCConfigurationList;
			buildConfigurations = (
				C7637B6328E961DE005D984B /* Debug */,
				C7637B6428E961DE005D984B /* Release */,
			);
			defaultConfigurationIsVisible = 0;
			defaultConfigurationName = Release;
		};
/* End XCConfigurationList section */
	};
	rootObject = C7637B4328E961DC005D984B /* Project object */;
}
